
Microsoft Visual Studio Solution File, Format Version 12.00
# Visual Studio Version 16
VisualStudioVersion = 16.0.30804.86
MinimumVisualStudioVersion = 10.0.40219.1
Project("{9A19103F-16F7-4668-BE54-9A1E7A4F7556}") = "Movies.API", "Movies.API\Movies.API.csproj", "{1A5FCCD6-C64F-4AE8-82D4-5DED8990A286}"
EndProject
Project("{FAE04EC0-301F-11D3-BF4B-00C04F79EFBC}") = "IdentityServerApp", "IdentityServerApp\IdentityServerApp.csproj", "{496FCBE2-0633-4BF9-9904-60DDCDC2277B}"
EndProject
Global
	GlobalSection(SolutionConfigurationPlatforms) = preSolution
		Debug|Any CPU = Debug|Any CPU
		Release|Any CPU = Release|Any CPU
	EndGlobalSection
	GlobalSection(ProjectConfigurationPlatforms) = postSolution
		{1A5FCCD6-C64F-4AE8-82D4-5DED8990A286}.Debug|Any CPU.ActiveCfg = Debug|Any CPU
		{1A5FCCD6-C64F-4AE8-82D4-5DED8990A286}.Debug|Any CPU.Build.0 = Debug|Any CPU
		{1A5FCCD6-C64F-4AE8-82D4-5DED8990A286}.Release|Any CPU.ActiveCfg = Release|Any CPU
		{1A5FCCD6-C64F-4AE8-82D4-5DED8990A286}.Release|Any CPU.Build.0 = Release|Any CPU
		{496FCBE2-0633-4BF9-9904-60DDCDC2277B}.Debug|Any CPU.ActiveCfg = Debug|Any CPU
		{496FCBE2-0633-4BF9-9904-60DDCDC2277B}.Debug|Any CPU.Build.0 = Debug|Any CPU
		{496FCBE2-0633-4BF9-9904-60DDCDC2277B}.Release|Any CPU.ActiveCfg = Release|Any CPU
		{496FCBE2-0633-4BF9-9904-60DDCDC2277B}.Release|Any CPU.Build.0 = Release|Any CPU
	EndGlobalSection
	GlobalSection(SolutionProperties) = preSolution
		HideSolutionNode = FALSE
	EndGlobalSection
	GlobalSection(ExtensibilityGlobals) = postSolution
		SolutionGuid = {3993A97C-E5E1-454D-BDC5-FAA715CBA13B}
	EndGlobalSection
EndGlobal
